
Microsoft Visual Studio Solution File, Format Version 12.00
# Visual Studio Version 16
VisualStudioVersion = 16.0.31129.286
MinimumVisualStudioVersion = 10.0.40219.1
Project("{2150E333-8FDC-42A3-9474-1A3956D46DE8}") = "src", "src", "{3DA856C0-E82F-4929-A871-E25A24AD1F25}"
EndProject
Project("{2150E333-8FDC-42A3-9474-1A3956D46DE8}") = "Core", "Core", "{F283A072-6561-430B-ADCC-7A51439BC7BB}"
EndProject
Project("{2150E333-8FDC-42A3-9474-1A3956D46DE8}") = "API", "API", "{F31F4FF0-6A33-45E9-8505-9B7A8F7BE45D}"
EndProject
Project("{2150E333-8FDC-42A3-9474-1A3956D46DE8}") = "Infrastructure", "Infrastructure", "{CB6B4389-7AA7-4087-807C-B1203A204DD6}"
EndProject
Project("{2150E333-8FDC-42A3-9474-1A3956D46DE8}") = "UI", "UI", "{EE90FFD8-269F-489E-8508-10C128F3F52D}"
EndProject
Project("{2150E333-8FDC-42A3-9474-1A3956D46DE8}") = "test", "test", "{6C15ED52-980D-495D-B20C-E134B46606A1}"
EndProject
Project("{9A19103F-16F7-4668-BE54-9A1E7A4F7556}") = "TicketManagement.Domain", "TicketManagement.Domain\TicketManagement.Domain.csproj", "{61F811C9-D224-43ED-B573-005359E0BB7D}"
EndProject
Project("{9A19103F-16F7-4668-BE54-9A1E7A4F7556}") = "TicketManagement.Application", "TicketManagement.Application\TicketManagement.Application.csproj", "{DF802224-4A71-4BF4-81E8-607E7BF2A056}"
EndProject
Project("{9A19103F-16F7-4668-BE54-9A1E7A4F7556}") = "TicketManagement.Persistence", "TicketManagement.Persistence\TicketManagement.Persistence.csproj", "{014B7C61-BAC6-494C-87B4-AD4BB653244D}"
EndProject
Project("{9A19103F-16F7-4668-BE54-9A1E7A4F7556}") = "TicketManagement.Infrastructure", "TicketManagement.Infrastructure\TicketManagement.Infrastructure.csproj", "{2C45B655-321D-400B-8F20-2B9469D18FD6}"
EndProject
Project("{9A19103F-16F7-4668-BE54-9A1E7A4F7556}") = "TicketManagement.Api", "TicketManagement.Api\TicketManagement.Api.csproj", "{471FC380-CACF-4AC3-8D04-69F1D3C3001E}"
EndProject
Project("{9A19103F-16F7-4668-BE54-9A1E7A4F7556}") = "TicketManagement.API.IntegrationTests", "TicketManagement.API.IntegrationTests\TicketManagement.API.IntegrationTests.csproj", "{A83138AF-900F-4C46-9FDD-97545D2C7E94}"
EndProject
Project("{9A19103F-16F7-4668-BE54-9A1E7A4F7556}") = "TicketManagement.Application.UnitTests", "TicketManagement.Application.UnitTests\TicketManagement.Application.UnitTests.csproj", "{BF34280B-4D57-486C-8DC4-9B19D8C28830}"
EndProject
Project("{9A19103F-16F7-4668-BE54-9A1E7A4F7556}") = "TicketManagement.Persistence.IntegrationTests", "TicketManagement.Persistence.IntegrationTests\TicketManagement.Persistence.IntegrationTests.csproj", "{B105D082-39E4-41E1-BDAD-E031EED2BB82}"
EndProject
Project("{FAE04EC0-301F-11D3-BF4B-00C04F79EFBC}") = "TicketManagement.App", "TicketManagement.App\TicketManagement.App.csproj", "{07700F90-32AA-4097-B431-862DDC1E7824}"
EndProject
Global
	GlobalSection(SolutionConfigurationPlatforms) = preSolution
		Debug|Any CPU = Debug|Any CPU
		Release|Any CPU = Release|Any CPU
	EndGlobalSection
	GlobalSection(ProjectConfigurationPlatforms) = postSolution
		{61F811C9-D224-43ED-B573-005359E0BB7D}.Debug|Any CPU.ActiveCfg = Debug|Any CPU
		{61F811C9-D224-43ED-B573-005359E0BB7D}.Debug|Any CPU.Build.0 = Debug|Any CPU
		{61F811C9-D224-43ED-B573-005359E0BB7D}.Release|Any CPU.ActiveCfg = Release|Any CPU
		{61F811C9-D224-43ED-B573-005359E0BB7D}.Release|Any CPU.Build.0 = Release|Any CPU
		{DF802224-4A71-4BF4-81E8-607E7BF2A056}.Debug|Any CPU.ActiveCfg = Debug|Any CPU
		{DF802224-4A71-4BF4-81E8-607E7BF2A056}.Debug|Any CPU.Build.0 = Debug|Any CPU
		{DF802224-4A71-4BF4-81E8-607E7BF2A056}.Release|Any CPU.ActiveCfg = Release|Any CPU
		{DF802224-4A71-4BF4-81E8-607E7BF2A056}.Release|Any CPU.Build.0 = Release|Any CPU
		{014B7C61-BAC6-494C-87B4-AD4BB653244D}.Debug|Any CPU.ActiveCfg = Debug|Any CPU
		{014B7C61-BAC6-494C-87B4-AD4BB653244D}.Debug|Any CPU.Build.0 = Debug|Any CPU
		{014B7C61-BAC6-494C-87B4-AD4BB653244D}.Release|Any CPU.ActiveCfg = Release|Any CPU
		{014B7C61-BAC6-494C-87B4-AD4BB653244D}.Release|Any CPU.Build.0 = Release|Any CPU
		{2C45B655-321D-400B-8F20-2B9469D18FD6}.Debug|Any CPU.ActiveCfg = Debug|Any CPU
		{2C45B655-321D-400B-8F20-2B9469D18FD6}.Debug|Any CPU.Build.0 = Debug|Any CPU
		{2C45B655-321D-400B-8F20-2B9469D18FD6}.Release|Any CPU.ActiveCfg = Release|Any CPU
		{2C45B655-321D-400B-8F20-2B9469D18FD6}.Release|Any CPU.Build.0 = Release|Any CPU
		{471FC380-CACF-4AC3-8D04-69F1D3C3001E}.Debug|Any CPU.ActiveCfg = Debug|Any CPU
		{471FC380-CACF-4AC3-8D04-69F1D3C3001E}.Debug|Any CPU.Build.0 = Debug|Any CPU
		{471FC380-CACF-4AC3-8D04-69F1D3C3001E}.Release|Any CPU.ActiveCfg = Release|Any CPU
		{471FC380-CACF-4AC3-8D04-69F1D3C3001E}.Release|Any CPU.Build.0 = Release|Any CPU
		{A83138AF-900F-4C46-9FDD-97545D2C7E94}.Debug|Any CPU.ActiveCfg = Debug|Any CPU
		{A83138AF-900F-4C46-9FDD-97545D2C7E94}.Debug|Any CPU.Build.0 = Debug|Any CPU
		{A83138AF-900F-4C46-9FDD-97545D2C7E94}.Release|Any CPU.ActiveCfg = Release|Any CPU
		{A83138AF-900F-4C46-9FDD-97545D2C7E94}.Release|Any CPU.Build.0 = Release|Any CPU
		{BF34280B-4D57-486C-8DC4-9B19D8C28830}.Debug|Any CPU.ActiveCfg = Debug|Any CPU
		{BF34280B-4D57-486C-8DC4-9B19D8C28830}.Debug|Any CPU.Build.0 = Debug|Any CPU
		{BF34280B-4D57-486C-8DC4-9B19D8C28830}.Release|Any CPU.ActiveCfg = Release|Any CPU
		{BF34280B-4D57-486C-8DC4-9B19D8C28830}.Release|Any CPU.Build.0 = Release|Any CPU
		{B105D082-39E4-41E1-BDAD-E031EED2BB82}.Debug|Any CPU.ActiveCfg = Debug|Any CPU
		{B105D082-39E4-41E1-BDAD-E031EED2BB82}.Debug|Any CPU.Build.0 = Debug|Any CPU
		{B105D082-39E4-41E1-BDAD-E031EED2BB82}.Release|Any CPU.ActiveCfg = Release|Any CPU
		{B105D082-39E4-41E1-BDAD-E031EED2BB82}.Release|Any CPU.Build.0 = Release|Any CPU
		{07700F90-32AA-4097-B431-862DDC1E7824}.Debug|Any CPU.ActiveCfg = Debug|Any CPU
		{07700F90-32AA-4097-B431-862DDC1E7824}.Debug|Any CPU.Build.0 = Debug|Any CPU
		{07700F90-32AA-4097-B431-862DDC1E7824}.Release|Any CPU.ActiveCfg = Release|Any CPU
		{07700F90-32AA-4097-B431-862DDC1E7824}.Release|Any CPU.Build.0 = Release|Any CPU
	EndGlobalSection
	GlobalSection(SolutionProperties) = preSolution
		HideSolutionNode = FALSE
	EndGlobalSection
	GlobalSection(NestedProjects) = preSolution
		{F283A072-6561-430B-ADCC-7A51439BC7BB} = {3DA856C0-E82F-4929-A871-E25A24AD1F25}
		{F31F4FF0-6A33-45E9-8505-9B7A8F7BE45D} = {3DA856C0-E82F-4929-A871-E25A24AD1F25}
		{CB6B4389-7AA7-4087-807C-B1203A204DD6} = {3DA856C0-E82F-4929-A871-E25A24AD1F25}
		{EE90FFD8-269F-489E-8508-10C128F3F52D} = {3DA856C0-E82F-4929-A871-E25A24AD1F25}
		{61F811C9-D224-43ED-B573-005359E0BB7D} = {F283A072-6561-430B-ADCC-7A51439BC7BB}
		{DF802224-4A71-4BF4-81E8-607E7BF2A056} = {F283A072-6561-430B-ADCC-7A51439BC7BB}
		{014B7C61-BAC6-494C-87B4-AD4BB653244D} = {CB6B4389-7AA7-4087-807C-B1203A204DD6}
		{2C45B655-321D-400B-8F20-2B9469D18FD6} = {CB6B4389-7AA7-4087-807C-B1203A204DD6}
		{471FC380-CACF-4AC3-8D04-69F1D3C3001E} = {F31F4FF0-6A33-45E9-8505-9B7A8F7BE45D}
		{A83138AF-900F-4C46-9FDD-97545D2C7E94} = {6C15ED52-980D-495D-B20C-E134B46606A1}
		{BF34280B-4D57-486C-8DC4-9B19D8C28830} = {6C15ED52-980D-495D-B20C-E134B46606A1}
		{B105D082-39E4-41E1-BDAD-E031EED2BB82} = {6C15ED52-980D-495D-B20C-E134B46606A1}
		{07700F90-32AA-4097-B431-862DDC1E7824} = {EE90FFD8-269F-489E-8508-10C128F3F52D}
	EndGlobalSection
	GlobalSection(ExtensibilityGlobals) = postSolution
		SolutionGuid = {00A838AA-2A34-4844-B2C2-A28EF4877583}
	EndGlobalSection
EndGlobal
